lockfileVersion: '9.0'

settings:
  autoInstallPeers: true
  excludeLinksFromLockfile: false

importers:

  .:
    dependencies:
      '@lunnoa-automate/toolkit':
        specifier: 1.160.0
        version: 1.160.0

packages:

  '@lunnoa-automate/toolkit@1.160.0':
    resolution: {integrity: sha512-dq3OdixPojs4T+6jmMjb/ePE5QxFdZddH9HGZkXZRbq0Mbf5YoJpyAzsk/LSUb3xOctxzOB1PI6b9n1NYajtxQ==}

  tslib@2.8.1:
    resolution: {integrity: sha512-oJFu94HQb+KVduSUQL7wnpmqnfmLsOA/nAh6b6EH0wCEoK0/mPeXU6c3wKDV83MkOuHPRHtSXKKU99IBazS/2w==}

snapshots:

  '@lunnoa-automate/toolkit@1.160.0':
    dependencies:
      tslib: 2.8.1

  tslib@2.8.1: {}
